
Microsoft Visual Studio Solution File, Format Version 12.00
# Visual Studio 15
VisualStudioVersion = 15.0.28010.2046
MinimumVisualStudioVersion = 10.0.40219.1
Project("{FAE04EC0-301F-11D3-BF4B-00C04F79EFBC}") = "ConsoleApp", "ConsoleApp\ConsoleApp.csproj", "{7AA5A104-40CA-41C9-836D-1811526770D4}"
EndProject
Project("{FAE04EC0-301F-11D3-BF4B-00C04F79EFBC}") = "Entities", "Entities\Entities.csproj", "{B2C1E744-B404-4E5D-B786-E00252F75E25}"
EndProject
Project("{FAE04EC0-301F-11D3-BF4B-00C04F79EFBC}") = "Interfaces", "Interfaces\Interfaces.csproj", "{0E5C5FAE-FCA0-4777-9E7D-7777DF8FC72D}"
EndProject
Project("{FAE04EC0-301F-11D3-BF4B-00C04F79EFBC}") = "Contexts", "Contexts\Contexts.csproj", "{E22DE39C-9ADE-4D6E-94AD-77B6EE42F217}"
EndProject
Global
	GlobalSection(SolutionConfigurationPlatforms) = preSolution
		Debug|Any CPU = Debug|Any CPU
		Release|Any CPU = Release|Any CPU
	EndGlobalSection
	GlobalSection(ProjectConfigurationPlatforms) = postSolution
		{7AA5A104-40CA-41C9-836D-1811526770D4}.Debug|Any CPU.ActiveCfg = Debug|Any CPU
		{7AA5A104-40CA-41C9-836D-1811526770D4}.Debug|Any CPU.Build.0 = Debug|Any CPU
		{7AA5A104-40CA-41C9-836D-1811526770D4}.Release|Any CPU.ActiveCfg = Release|Any CPU
		{7AA5A104-40CA-41C9-836D-1811526770D4}.Release|Any CPU.Build.0 = Release|Any CPU
		{B2C1E744-B404-4E5D-B786-E00252F75E25}.Debug|Any CPU.ActiveCfg = Debug|Any CPU
		{B2C1E744-B404-4E5D-B786-E00252F75E25}.Debug|Any CPU.Build.0 = Debug|Any CPU
		{B2C1E744-B404-4E5D-B786-E00252F75E25}.Release|Any CPU.ActiveCfg = Release|Any CPU
		{B2C1E744-B404-4E5D-B786-E00252F75E25}.Release|Any CPU.Build.0 = Release|Any CPU
		{0E5C5FAE-FCA0-4777-9E7D-7777DF8FC72D}.Debug|Any CPU.ActiveCfg = Debug|Any CPU
		{0E5C5FAE-FCA0-4777-9E7D-7777DF8FC72D}.Debug|Any CPU.Build.0 = Debug|Any CPU
		{0E5C5FAE-FCA0-4777-9E7D-7777DF8FC72D}.Release|Any CPU.ActiveCfg = Release|Any CPU
		{0E5C5FAE-FCA0-4777-9E7D-7777DF8FC72D}.Release|Any CPU.Build.0 = Release|Any CPU
		{E22DE39C-9ADE-4D6E-94AD-77B6EE42F217}.Debug|Any CPU.ActiveCfg = Debug|Any CPU
		{E22DE39C-9ADE-4D6E-94AD-77B6EE42F217}.Debug|Any CPU.Build.0 = Debug|Any CPU
		{E22DE39C-9ADE-4D6E-94AD-77B6EE42F217}.Release|Any CPU.ActiveCfg = Release|Any CPU
		{E22DE39C-9ADE-4D6E-94AD-77B6EE42F217}.Release|Any CPU.Build.0 = Release|Any CPU
	EndGlobalSection
	GlobalSection(SolutionProperties) = preSolution
		HideSolutionNode = FALSE
	EndGlobalSection
	GlobalSection(ExtensibilityGlobals) = postSolution
		SolutionGuid = {9BDA5A61-6116-439E-AFB7-937D31B9A7E0}
	EndGlobalSection
EndGlobal
